// !$*UTF8*$!
{
	archiveVersion = 1;
	classes = {
	};
	objectVersion = 50;
	objects = {

/* Begin PBXBuildFile section */
		4898E770256DF1A700641E3F /* AppDelegate.swift in Sources */ = {isa = PBXBuildFile; fileRef = 4898E76F256DF1A700641E3F /* AppDelegate.swift */; };
		4898E772256DF1A700641E3F /* SceneDelegate.swift in Sources */ = {isa = PBXBuildFile; fileRef = 4898E771256DF1A700641E3F /* SceneDelegate.swift */; };
		4898E774256DF1A700641E3F /* ViewController.swift in Sources */ = {isa = PBXBuildFile; fileRef = 4898E773256DF1A700641E3F /* ViewController.swift */; };
		4898E777256DF1A700641E3F /* Main.storyboard in Resources */ = {isa = PBXBuildFile; fileRef = 4898E775256DF1A700641E3F /* Main.storyboard */; };
		4898E779256DF1A900641E3F /* Assets.xcassets in Resources */ = {isa = PBXBuildFile; fileRef = 4898E778256DF1A900641E3F /* Assets.xcassets */; };
		4898E77C256DF1A900641E3F /* LaunchScreen.storyboard in Resources */ = {isa = PBXBuildFile; fileRef = 4898E77A256DF1A900641E3F /* LaunchScreen.storyboard */; };
		4898E785256EE10700641E3F /* claimService.swift in Sources */ = {isa = PBXBuildFile; fileRef = 4898E784256EE10700641E3F /* claimService.swift */; };
		4898E78C256F060D00641E3F /* FieldViewGen.swift in Sources */ = {isa = PBXBuildFile; fileRef = 4898E78B256F060D00641E3F /* FieldViewGen.swift */; };
		4898E78F256F1FC300641E3F /* Buttons.swift in Sources */ = {isa = PBXBuildFile; fileRef = 4898E78E256F1FC300641E3F /* Buttons.swift */; };
/* End PBXBuildFile section */

/* Begin PBXFileReference section */
		4898E76C256DF1A700641E3F /* 411_Assignment_2.app */ = {isa = PBXFileReference; explicitFileType = wrapper.application; includeInIndex = 0; path = 411_Assignment_2.app; sourceTree = BUILT_PRODUCTS_DIR; };
		4898E76F256DF1A700641E3F /* AppDelegate.swift */ = {isa = PBXFileReference; lastKnownFileType = sourcecode.swift; path = AppDelegate.swift; sourceTree = "<group>"; };
		4898E771256DF1A700641E3F /* SceneDelegate.swift */ = {isa = PBXFileReference; lastKnownFileType = sourcecode.swift; path = SceneDelegate.swift; sourceTree = "<group>"; };
		4898E773256DF1A700641E3F /* ViewController.swift */ = {isa = PBXFileReference; lastKnownFileType = sourcecode.swift; path = ViewController.swift; sourceTree = "<group>"; };
		4898E776256DF1A700641E3F /* Base */ = {isa = PBXFileReference; lastKnownFileType = file.storyboard; name = Base; path = Base.lproj/Main.storyboard; sourceTree = "<group>"; };
		4898E778256DF1A900641E3F /* Assets.xcassets */ = {isa = PBXFileReference; lastKnownFileType = folder.assetcatalog; path = Assets.xcassets; sourceTree = "<group>"; };
		4898E77B256DF1A900641E3F /* Base */ = {isa = PBXFileReference; lastKnownFileType = file.storyboard; name = Base; path = Base.lproj/LaunchScreen.storyboard; sourceTree = "<group>"; };
		4898E77D256DF1A900641E3F /* Info.plist */ = {isa = PBXFileReference; lastKnownFileType = text.plist.xml; path = Info.plist; sourceTree = "<group>"; };
		4898E784256EE10700641E3F /* claimService.swift */ = {isa = PBXFileReference; lastKnownFileType = sourcecode.swift; path = claimService.swift; sourceTree = "<group>"; };
		4898E78B256F060D00641E3F /* FieldViewGen.swift */ = {isa = PBXFileReference; lastKnownFileType = sourcecode.swift; path = FieldViewGen.swift; sourceTree = "<group>"; };
		4898E78E256F1FC300641E3F /* Buttons.swift */ = {isa = PBXFileReference; lastKnownFileType = sourcecode.swift; path = Buttons.swift; sourceTree = "<group>"; };
/* End PBXFileReference section */

/* Begin PBXFrameworksBuildPhase section */
		4898E769256DF1A700641E3F /* Frameworks */ = {
			isa = PBXFrameworksBuildPhase;
			buildActionMask = 2147483647;
			files = (
			);
			runOnlyForDeploymentPostprocessing = 0;
		};
/* End PBXFrameworksBuildPhase section */

/* Begin PBXGroup section */
		4898E763256DF1A700641E3F = {
			isa = PBXGroup;
			children = (
				4898E76E256DF1A700641E3F /* 411_Assignment_2 */,
				4898E76D256DF1A700641E3F /* Products */,
			);
			sourceTree = "<group>";
		};
		4898E76D256DF1A700641E3F /* Products */ = {
			isa = PBXGroup;
			children = (
				4898E76C256DF1A700641E3F /* 411_Assignment_2.app */,
			);
			name = Products;
			sourceTree = "<group>";
		};
		4898E76E256DF1A700641E3F /* 411_Assignment_2 */ = {
			isa = PBXGroup;
			children = (
				4898E76F256DF1A700641E3F /* AppDelegate.swift */,
				4898E771256DF1A700641E3F /* SceneDelegate.swift */,
				4898E773256DF1A700641E3F /* ViewController.swift */,
				4898E78E256F1FC300641E3F /* Buttons.swift */,
				4898E78B256F060D00641E3F /* FieldViewGen.swift */,
				4898E784256EE10700641E3F /* claimService.swift */,
				4898E775256DF1A700641E3F /* Main.storyboard */,
				4898E778256DF1A900641E3F /* Assets.xcassets */,
				4898E77A256DF1A900641E3F /* LaunchScreen.storyboard */,
				4898E77D256DF1A900641E3F /* Info.plist */,
			);
			path = 411_Assignment_2;
			sourceTree = "<group>";
		};
/* End PBXGroup section */

/* Begin PBXNativeTarget section */
		4898E76B256DF1A700641E3F /* 411_Assignment_2 */ = {
			isa = PBXNativeTarget;
			buildConfigurationList = 4898E780256DF1A900641E3F /* Build configuration list for PBXNativeTarget "411_Assignment_2" */;
			buildPhases = (
				4898E768256DF1A700641E3F /* Sources */,
				4898E769256DF1A700641E3F /* Frameworks */,
				4898E76A256DF1A700641E3F /* Resources */,
			);
			buildRules = (
			);
			dependencies = (
			);
			name = 411_Assignment_2;
			productName = 411_Assignment_2;
			productReference = 4898E76C256DF1A700641E3F /* 411_Assignment_2.app */;
			productType = "com.apple.product-type.application";
		};
/* End PBXNativeTarget section */

/* Begin PBXProject section */
		4898E764256DF1A700641E3F /* Project object */ = {
			isa = PBXProject;
			attributes = {
				LastSwiftUpdateCheck = 1220;
				LastUpgradeCheck = 1220;
				TargetAttributes = {
					4898E76B256DF1A700641E3F = {
						CreatedOnToolsVersion = 12.2;
					};
				};
			};
			buildConfigurationList = 4898E767256DF1A700641E3F /* Build configuration list for PBXProject "411_Assignment_2" */;
			compatibilityVersion = "Xcode 9.3";
			developmentRegion = en;
			hasScannedForEncodings = 0;
			knownRegions = (
				en,
				Base,
			);
			mainGroup = 4898E763256DF1A700641E3F;
			productRefGroup = 4898E76D256DF1A700641E3F /* Products */;
			projectDirPath = "";
			projectRoot = "";
			targets = (
				4898E76B256DF1A700641E3F /* 411_Assignment_2 */,
			);
		};
/* End PBXProject section */

/* Begin PBXResourcesBuildPhase section */
		4898E76A256DF1A700641E3F /* Resources */ = {
			isa = PBXResourcesBuildPhase;
			buildActionMask = 2147483647;
			files = (
				4898E77C256DF1A900641E3F /* LaunchScreen.storyboard in Resources */,
				4898E779256DF1A900641E3F /* Assets.xcassets in Resources */,
				4898E777256DF1A700641E3F /* Main.storyboard in Resources */,
			);
			runOnlyForDeploymentPostprocessing = 0;
		};
/* End PBXResourcesBuildPhase section */

/* Begin PBXSourcesBuildPhase section */
		4898E768256DF1A700641E3F /* Sources */ = {
			isa = PBXSourcesBuildPhase;
			buildActionMask = 2147483647;
			files = (
				4898E78C256F060D00641E3F /* FieldViewGen.swift in Sources */,
				4898E785256EE10700641E3F /* claimService.swift in Sources */,
				4898E774256DF1A700641E3F /* ViewController.swift in Sources */,
				4898E78F256F1FC300641E3F /* Buttons.swift in Sources */,
				4898E770256DF1A700641E3F /* AppDelegate.swift in Sources */,
				4898E772256DF1A700641E3F /* SceneDelegate.swift in Sources */,
			);
			runOnlyForDeploymentPostprocessing = 0;
		};
/* End PBXSourcesBuildPhase section */

/* Begin PBXVariantGroup section */
		4898E775256DF1A700641E3F /* Main.storyboard */ = {
			isa = PBXVariantGroup;
			children = (
				4898E776256DF1A700641E3F /* Base */,
			);
			name = Main.storyboard;
			sourceTree = "<group>";
		};
		4898E77A256DF1A900641E3F /* LaunchScreen.storyboard */ = {
			isa = PBXVariantGroup;
			children = (
				4898E77B256DF1A900641E3F /* Base */,
			);
			name = LaunchScreen.storyboard;
			sourceTree = "<group>";
		};
/* End PBXVariantGroup section */

/* Begin XCBuildConfiguration section */
		4898E77E256DF1A900641E3F /* Debug */ = {
			isa = XCBuildConfiguration;
			buildSettings = {
				ALWAYS_SEARCH_USER_PATHS = NO;
				CLANG_ANALYZER_NONNULL = YES;
				CLANG_ANALYZER_NUMBER_OBJECT_CONVERSION = YES_AGGRESSIVE;
				CLANG_CXX_LANGUAGE_STANDARD = "gnu++14";
				CLANG_CXX_LIBRARY = "libc++";
				CLANG_ENABLE_MODULES = YES;
				CLANG_ENABLE_OBJC_ARC = YES;
				CLANG_ENABLE_OBJC_WEAK = YES;
				CLANG_WARN_BLOCK_CAPTURE_AUTORELEASING = YES;
				CLANG_WARN_BOOL_CONVERSION = YES;
				CLANG_WARN_COMMA = YES;
				CLANG_WARN_CONSTANT_CONVERSION = YES;
				CLANG_WARN_DEPRECATED_OBJC_IMPLEMENTATIONS = YES;
				CLANG_WARN_DIRECT_OBJC_ISA_USAGE = YES_ERROR;
				CLANG_WARN_DOCUMENTATION_COMMENTS = YES;
				CLANG_WARN_EMPTY_BODY = YES;
				CLANG_WARN_ENUM_CONVERSION = YES;
				CLANG_WARN_INFINITE_RECURSION = YES;
				CLANG_WARN_INT_CONVERSION = YES;
				CLANG_WARN_NON_LITERAL_NULL_CONVERSION = YES;
				CLANG_WARN_OBJC_IMPLICIT_RETAIN_SELF = YES;
				CLANG_WARN_OBJC_LITERAL_CONVERSION = YES;
				CLANG_WARN_OBJC_ROOT_CLASS = YES_ERROR;
				CLANG_WARN_QUOTED_INCLUDE_IN_FRAMEWORK_HEADER = YES;
				CLANG_WARN_RANGE_LOOP_ANALYSIS = YES;
				CLANG_WARN_STRICT_PROTOTYPES = YES;
				CLANG_WARN_SUSPICIOUS_MOVE = YES;
				CLANG_WARN_UNGUARDED_AVAILABILITY = YES_AGGRESSIVE;
				CLANG_WARN_UNREACHABLE_CODE = YES;
				CLANG_WARN__DUPLICATE_METHOD_MATCH = YES;
				COPY_PHASE_STRIP = NO;
				DEBUG_INFORMATION_FORMAT = dwarf;
				ENABLE_STRICT_OBJC_MSGSEND = YES;
				ENABLE_TESTABILITY = YES;
				GCC_C_LANGUAGE_STANDARD = gnu11;
				GCC_DYNAMIC_NO_PIC = NO;
				GCC_NO_COMMON_BLOCKS = YES;
				GCC_OPTIMIZATION_LEVEL = 0;
				GCC_PREPROCESSOR_DEFINITIONS = (
					"DEBUG=1",
					"$(inherited)",
				);
				GCC_WARN_64_TO_32_BIT_CONVERSION = YES;
				GCC_WARN_ABOUT_RETURN_TYPE = YES_ERROR;
				GCC_WARN_UNDECLARED_SELECTOR = YES;
				GCC_WARN_UNINITIALIZED_AUTOS = YES_AGGRESSIVE;
				GCC_WARN_UNUSED_FUNCTION = YES;
				GCC_WARN_UNUSED_VARIABLE = YES;
				IPHONEOS_DEPLOYMENT_TARGET = 14.2;
				MTL_ENABLE_DEBUG_INFO = INCLUDE_SOURCE;
				MTL_FAST_MATH = YES;
				ONLY_ACTIVE_ARCH = YES;
				SDKROOT = iphoneos;
				SWIFT_ACTIVE_COMPILATION_CONDITIONS = DEBUG;
				SWIFT_OPTIMIZATION_LEVEL = "-Onone";
			};
			name = Debug;
		};
		4898E77F256DF1A900641E3F /* Release */ = {
			isa = XCBuildConfiguration;
			buildSettings = {
				ALWAYS_SEARCH_USER_PATHS = NO;
				CLANG_ANALYZER_NONNULL = YES;
				CLANG_ANALYZER_NUMBER_OBJECT_CONVERSION = YES_AGGRESSIVE;
				CLANG_CXX_LANGUAGE_STANDARD = "gnu++14";
				CLANG_CXX_LIBRARY = "libc++";
				CLANG_ENABLE_MODULES = YES;
				CLANG_ENABLE_OBJC_ARC = YES;
				CLANG_ENABLE_OBJC_WEAK = YES;
				CLANG_WARN_BLOCK_CAPTURE_AUTORELEASING = YES;
				CLANG_WARN_BOOL_CONVERSION = YES;
				CLANG_WARN_COMMA = YES;
				CLANG_WARN_CONSTANT_CONVERSION = YES;
				CLANG_WARN_DEPRECATED_OBJC_IMPLEMENTATIONS = YES;
				CLANG_WARN_DIRECT_OBJC_ISA_USAGE = YES_ERROR;
				CLANG_WARN_DOCUMENTATION_COMMENTS = YES;
				CLANG_WARN_EMPTY_BODY = YES;
				CLANG_WARN_ENUM_CONVERSION = YES;
				CLANG_WARN_INFINITE_RECURSION = YES;
				CLANG_WARN_INT_CONVERSION = YES;
				CLANG_WARN_NON_LITERAL_NULL_CONVERSION = YES;
				CLANG_WARN_OBJC_IMPLICIT_RETAIN_SELF = YES;
				CLANG_WARN_OBJC_LITERAL_CONVERSION = YES;
				CLANG_WARN_OBJC_ROOT_CLASS = YES_ERROR;
				CLANG_WARN_QUOTED_INCLUDE_IN_FRAMEWORK_HEADER = YES;
				CLANG_WARN_RANGE_LOOP_ANALYSIS = YES;
				CLANG_WARN_STRICT_PROTOTYPES = YES;
				CLANG_WARN_SUSPICIOUS_MOVE = YES;
				CLANG_WARN_UNGUARDED_AVAILABILITY = YES_AGGRESSIVE;
				CLANG_WARN_UNREACHABLE_CODE = YES;
				CLANG_WARN__DUPLICATE_METHOD_MATCH = YES;
				COPY_PHASE_STRIP = NO;
				DEBUG_INFORMATION_FORMAT = "dwarf-with-dsym";
				ENABLE_NS_ASSERTIONS = NO;
				ENABLE_STRICT_OBJC_MSGSEND = YES;
				GCC_C_LANGUAGE_STANDARD = gnu11;
				GCC_NO_COMMON_BLOCKS = YES;
				GCC_WARN_64_TO_32_BIT_CONVERSION = YES;
				GCC_WARN_ABOUT_RETURN_TYPE = YES_ERROR;
				GCC_WARN_UNDECLARED_SELECTOR = YES;
				GCC_WARN_UNINITIALIZED_AUTOS = YES_AGGRESSIVE;
				GCC_WARN_UNUSED_FUNCTION = YES;
				GCC_WARN_UNUSED_VARIABLE = YES;
				IPHONEOS_DEPLOYMENT_TARGET = 14.2;
				MTL_ENABLE_DEBUG_INFO = NO;
				MTL_FAST_MATH = YES;
				SDKROOT = iphoneos;
				SWIFT_COMPILATION_MODE = wholemodule;
				SWIFT_OPTIMIZATION_LEVEL = "-O";
				VALIDATE_PRODUCT = YES;
			};
			name = Release;
		};
		4898E781256DF1A900641E3F /* Debug */ = {
			isa = XCBuildConfiguration;
			buildSettings = {
				ASSETCATALOG_COMPILER_APPICON_NAME = AppIcon;
				ASSETCATALOG_COMPILER_GLOBAL_ACCENT_COLOR_NAME = AccentColor;
				CODE_SIGN_STYLE = Automatic;
				INFOPLIST_FILE = 411_Assignment_2/Info.plist;
				LD_RUNPATH_SEARCH_PATHS = (
					"$(inherited)",
					"@executable_path/Frameworks",
				);
				PRODUCT_BUNDLE_IDENTIFIER = "fullerton.-11-Assignment-2";
				PRODUCT_NAME = "$(TARGET_NAME)";
				SWIFT_VERSION = 5.0;
				TARGETED_DEVICE_FAMILY = "1,2";
			};
			name = Debug;
		};
		4898E782256DF1A900641E3F /* Release */ = {
			isa = XCBuildConfiguration;
			buildSettings = {
				ASSETCATALOG_COMPILER_APPICON_NAME = AppIcon;
				ASSETCATALOG_COMPILER_GLOBAL_ACCENT_COLOR_NAME = AccentColor;
				CODE_SIGN_STYLE = Automatic;
				INFOPLIST_FILE = 411_Assignment_2/Info.plist;
				LD_RUNPATH_SEARCH_PATHS = (
					"$(inherited)",
					"@executable_path/Frameworks",
				);
				PRODUCT_BUNDLE_IDENTIFIER = "fullerton.-11-Assignment-2";
				PRODUCT_NAME = "$(TARGET_NAME)";
				SWIFT_VERSION = 5.0;
				TARGETED_DEVICE_FAMILY = "1,2";
			};
			name = Release;
		};
/* End XCBuildConfiguration section */

/* Begin XCConfigurationList section */
		4898E767256DF1A700641E3F /* Build configuration list for PBXProject "411_Assignment_2" */ = {
			isa = XCConfigurationList;
			buildConfigurations = (
				4898E77E256DF1A900641E3F /* Debug */,
				4898E77F256DF1A900641E3F /* Release */,
			);
			defaultConfigurationIsVisible = 0;
			defaultConfigurationName = Release;
		};
		4898E780256DF1A900641E3F /* Build configuration list for PBXNativeTarget "411_Assignment_2" */ = {
			isa = XCConfigurationList;
			buildConfigurations = (
				4898E781256DF1A900641E3F /* Debug */,
				4898E782256DF1A900641E3F /* Release */,
			);
			defaultConfigurationIsVisible = 0;
			defaultConfigurationName = Release;
		};
/* End XCConfigurationList section */
	};
	rootObject = 4898E764256DF1A700641E3F /* Project object */;
}
